// !$*UTF8*$!
{
	archiveVersion = 1;
	classes = {
	};
	objectVersion = 50;
	objects = {

/* Begin PBXBuildFile section */
		805A2388213AA8A200D1CCF6 /* DataModel.xcdatamodeld in Sources */ = {isa = PBXBuildFile; fileRef = 805A2386213AA8A200D1CCF6 /* DataModel.xcdatamodeld */; };
		808D02E72135D66900D0AA9D /* AppDelegate.swift in Sources */ = {isa = PBXBuildFile; fileRef = 808D02E62135D66900D0AA9D /* AppDelegate.swift */; };
		808D02E92135D66900D0AA9D /* TodoListViewController.swift in Sources */ = {isa = PBXBuildFile; fileRef = 808D02E82135D66900D0AA9D /* TodoListViewController.swift */; };
		808D02EC2135D66900D0AA9D /* Main.storyboard in Resources */ = {isa = PBXBuildFile; fileRef = 808D02EA2135D66900D0AA9D /* Main.storyboard */; };
		808D02EE2135D66B00D0AA9D /* Assets.xcassets in Resources */ = {isa = PBXBuildFile; fileRef = 808D02ED2135D66B00D0AA9D /* Assets.xcassets */; };
		808D02F12135D66B00D0AA9D /* LaunchScreen.storyboard in Resources */ = {isa = PBXBuildFile; fileRef = 808D02EF2135D66B00D0AA9D /* LaunchScreen.storyboard */; };
		80A16E2F213B42290028C9CF /* CategoryTableViewController.swift in Sources */ = {isa = PBXBuildFile; fileRef = 80A16E2E213B42290028C9CF /* CategoryTableViewController.swift */; };
		BE7CEB750805E7B79E8AA5DB /* Pods_Todoey.framework in Frameworks */ = {isa = PBXBuildFile; fileRef = 06412B8D79C7E5527DCFC7AD /* Pods_Todoey.framework */; };
/* End PBXBuildFile section */

/* Begin PBXFileReference section */
		06412B8D79C7E5527DCFC7AD /* Pods_Todoey.framework */ = {isa = PBXFileReference; explicitFileType = wrapper.framework; includeInIndex = 0; path = Pods_Todoey.framework; sourceTree = BUILT_PRODUCTS_DIR; };
		443EF0AA3C74C41C6A50F7FB /* Pods-Todoey.release.xcconfig */ = {isa = PBXFileReference; includeInIndex = 1; lastKnownFileType = text.xcconfig; name = "Pods-Todoey.release.xcconfig"; path = "Pods/Target Support Files/Pods-Todoey/Pods-Todoey.release.xcconfig"; sourceTree = "<group>"; };
		805A2387213AA8A200D1CCF6 /* DataModel.xcdatamodel */ = {isa = PBXFileReference; lastKnownFileType = wrapper.xcdatamodel; path = DataModel.xcdatamodel; sourceTree = "<group>"; };
		808D02E32135D66900D0AA9D /* Todoey.app */ = {isa = PBXFileReference; explicitFileType = wrapper.application; includeInIndex = 0; path = Todoey.app; sourceTree = BUILT_PRODUCTS_DIR; };
		808D02E62135D66900D0AA9D /* AppDelegate.swift */ = {isa = PBXFileReference; lastKnownFileType = sourcecode.swift; path = AppDelegate.swift; sourceTree = "<group>"; };
		808D02E82135D66900D0AA9D /* TodoListViewController.swift */ = {isa = PBXFileReference; lastKnownFileType = sourcecode.swift; path = TodoListViewController.swift; sourceTree = "<group>"; };
		808D02EB2135D66900D0AA9D /* Base */ = {isa = PBXFileReference; lastKnownFileType = file.storyboard; name = Base; path = Base.lproj/Main.storyboard; sourceTree = "<group>"; };
		808D02ED2135D66B00D0AA9D /* Assets.xcassets */ = {isa = PBXFileReference; lastKnownFileType = folder.assetcatalog; path = Assets.xcassets; sourceTree = "<group>"; };
		808D02F02135D66B00D0AA9D /* Base */ = {isa = PBXFileReference; lastKnownFileType = file.storyboard; name = Base; path = Base.lproj/LaunchScreen.storyboard; sourceTree = "<group>"; };
		808D02F22135D66C00D0AA9D /* Info.plist */ = {isa = PBXFileReference; lastKnownFileType = text.plist.xml; path = Info.plist; sourceTree = "<group>"; };
		80A16E2E213B42290028C9CF /* CategoryTableViewController.swift */ = {isa = PBXFileReference; lastKnownFileType = sourcecode.swift; path = CategoryTableViewController.swift; sourceTree = "<group>"; };
		AAA48F8CA722BBFE9FCDD03B /* Pods-Todoey.debug.xcconfig */ = {isa = PBXFileReference; includeInIndex = 1; lastKnownFileType = text.xcconfig; name = "Pods-Todoey.debug.xcconfig"; path = "Pods/Target Support Files/Pods-Todoey/Pods-Todoey.debug.xcconfig"; sourceTree = "<group>"; };
/* End PBXFileReference section */

/* Begin PBXFrameworksBuildPhase section */
		808D02E02135D66900D0AA9D /* Frameworks */ = {
			isa = PBXFrameworksBuildPhase;
			buildActionMask = 2147483647;
			files = (
				BE7CEB750805E7B79E8AA5DB /* Pods_Todoey.framework in Frameworks */,
			);
			runOnlyForDeploymentPostprocessing = 0;
		};
/* End PBXFrameworksBuildPhase section */

/* Begin PBXGroup section */
		2C1ECB424EEBFE6AB4B2B4B9 /* Frameworks */ = {
			isa = PBXGroup;
			children = (
				06412B8D79C7E5527DCFC7AD /* Pods_Todoey.framework */,
			);
			name = Frameworks;
			sourceTree = "<group>";
		};
		808D02DA2135D66900D0AA9D = {
			isa = PBXGroup;
			children = (
				808D02E52135D66900D0AA9D /* Todoey */,
				808D02E42135D66900D0AA9D /* Products */,
				F57E00A01E2D4773C2430C73 /* Pods */,
				2C1ECB424EEBFE6AB4B2B4B9 /* Frameworks */,
			);
			sourceTree = "<group>";
		};
		808D02E42135D66900D0AA9D /* Products */ = {
			isa = PBXGroup;
			children = (
				808D02E32135D66900D0AA9D /* Todoey.app */,
			);
			name = Products;
			sourceTree = "<group>";
		};
		808D02E52135D66900D0AA9D /* Todoey */ = {
			isa = PBXGroup;
			children = (
				808D02E62135D66900D0AA9D /* AppDelegate.swift */,
				808D02FB2135EC3200D0AA9D /* Model */,
				808D02FC2135EC4600D0AA9D /* Controller */,
				808D02FD2135EC5600D0AA9D /* View */,
				808D02FE2135EC7200D0AA9D /* Supporting Files */,
				808D02F22135D66C00D0AA9D /* Info.plist */,
			);
			path = Todoey;
			sourceTree = "<group>";
		};
		808D02FB2135EC3200D0AA9D /* Model */ = {
			isa = PBXGroup;
			children = (
				805A2386213AA8A200D1CCF6 /* DataModel.xcdatamodeld */,
			);
			path = Model;
			sourceTree = "<group>";
		};
		808D02FC2135EC4600D0AA9D /* Controller */ = {
			isa = PBXGroup;
			children = (
				80A16E2E213B42290028C9CF /* CategoryTableViewController.swift */,
				808D02E82135D66900D0AA9D /* TodoListViewController.swift */,
			);
			path = Controller;
			sourceTree = "<group>";
		};
		808D02FD2135EC5600D0AA9D /* View */ = {
			isa = PBXGroup;
			children = (
				808D02EA2135D66900D0AA9D /* Main.storyboard */,
			);
			path = View;
			sourceTree = "<group>";
		};
		808D02FE2135EC7200D0AA9D /* Supporting Files */ = {
			isa = PBXGroup;
			children = (
				808D02ED2135D66B00D0AA9D /* Assets.xcassets */,
				808D02EF2135D66B00D0AA9D /* LaunchScreen.storyboard */,
			);
			path = "Supporting Files";
			sourceTree = "<group>";
		};
		F57E00A01E2D4773C2430C73 /* Pods */ = {
			isa = PBXGroup;
			children = (
				AAA48F8CA722BBFE9FCDD03B /* Pods-Todoey.debug.xcconfig */,
				443EF0AA3C74C41C6A50F7FB /* Pods-Todoey.release.xcconfig */,
			);
			name = Pods;
			sourceTree = "<group>";
		};
/* End PBXGroup section */

/* Begin PBXNativeTarget section */
		808D02E22135D66900D0AA9D /* Todoey */ = {
			isa = PBXNativeTarget;
			buildConfigurationList = 808D02F52135D66C00D0AA9D /* Build configuration list for PBXNativeTarget "Todoey" */;
			buildPhases = (
				0F3328C81FA1BFA4A6F1CC87 /* [CP] Check Pods Manifest.lock */,
				808D02DF2135D66900D0AA9D /* Sources */,
				808D02E02135D66900D0AA9D /* Frameworks */,
				808D02E12135D66900D0AA9D /* Resources */,
				610A76FEA99DAA79D78F5A03 /* [CP] Embed Pods Frameworks */,
			);
			buildRules = (
			);
			dependencies = (
			);
			name = Todoey;
			productName = Todoey;
			productReference = 808D02E32135D66900D0AA9D /* Todoey.app */;
			productType = "com.apple.product-type.application";
		};
/* End PBXNativeTarget section */

/* Begin PBXProject section */
		808D02DB2135D66900D0AA9D /* Project object */ = {
			isa = PBXProject;
			attributes = {
				LastSwiftUpdateCheck = 0940;
				LastUpgradeCheck = 0940;
				ORGANIZATIONNAME = "Saurabh Gupta";
				TargetAttributes = {
					808D02E22135D66900D0AA9D = {
						CreatedOnToolsVersion = 9.4.1;
					};
				};
			};
			buildConfigurationList = 808D02DE2135D66900D0AA9D /* Build configuration list for PBXProject "Todoey" */;
			compatibilityVersion = "Xcode 9.3";
			developmentRegion = en;
			hasScannedForEncodings = 0;
			knownRegions = (
				en,
				Base,
			);
			mainGroup = 808D02DA2135D66900D0AA9D;
			productRefGroup = 808D02E42135D66900D0AA9D /* Products */;
			projectDirPath = "";
			projectRoot = "";
			targets = (
				808D02E22135D66900D0AA9D /* Todoey */,
			);
		};
/* End PBXProject section */

/* Begin PBXResourcesBuildPhase section */
		808D02E12135D66900D0AA9D /* Resources */ = {
			isa = PBXResourcesBuildPhase;
			buildActionMask = 2147483647;
			files = (
				808D02F12135D66B00D0AA9D /* LaunchScreen.storyboard in Resources */,
				808D02EE2135D66B00D0AA9D /* Assets.xcassets in Resources */,
				808D02EC2135D66900D0AA9D /* Main.storyboard in Resources */,
			);
			runOnlyForDeploymentPostprocessing = 0;
		};
/* End PBXResourcesBuildPhase section */

/* Begin PBXShellScriptBuildPhase section */
		0F3328C81FA1BFA4A6F1CC87 /* [CP] Check Pods Manifest.lock */ = {
			isa = PBXShellScriptBuildPhase;
			buildActionMask = 2147483647;
			files = (
			);
			inputFileListPaths = (
			);
			inputPaths = (
				"${PODS_PODFILE_DIR_PATH}/Podfile.lock",
				"${PODS_ROOT}/Manifest.lock",
			);
			name = "[CP] Check Pods Manifest.lock";
			outputFileListPaths = (
			);
			outputPaths = (
				"$(DERIVED_FILE_DIR)/Pods-Todoey-checkManifestLockResult.txt",
			);
			runOnlyForDeploymentPostprocessing = 0;
			shellPath = /bin/sh;
			shellScript = "diff \"${PODS_PODFILE_DIR_PATH}/Podfile.lock\" \"${PODS_ROOT}/Manifest.lock\" > /dev/null\nif [ $? != 0 ] ; then\n    # print error to STDERR\n    echo \"error: The sandbox is not in sync with the Podfile.lock. Run 'pod install' or update your CocoaPods installation.\" >&2\n    exit 1\nfi\n# This output is used by Xcode 'outputs' to avoid re-running this script phase.\necho \"SUCCESS\" > \"${SCRIPT_OUTPUT_FILE_0}\"\n";
			showEnvVarsInLog = 0;
		};
		610A76FEA99DAA79D78F5A03 /* [CP] Embed Pods Frameworks */ = {
			isa = PBXShellScriptBuildPhase;
			buildActionMask = 2147483647;
			files = (
			);
			inputFileListPaths = (
			);
			inputPaths = (
				"${SRCROOT}/Pods/Target Support Files/Pods-Todoey/Pods-Todoey-frameworks.sh",
				"${BUILT_PRODUCTS_DIR}/Realm/Realm.framework",
				"${BUILT_PRODUCTS_DIR}/RealmSwift/RealmSwift.framework",
			);
			name = "[CP] Embed Pods Frameworks";
			outputFileListPaths = (
			);
			outputPaths = (
				"${TARGET_BUILD_DIR}/${FRAMEWORKS_FOLDER_PATH}/Realm.framework",
				"${TARGET_BUILD_DIR}/${FRAMEWORKS_FOLDER_PATH}/RealmSwift.framework",
			);
			runOnlyForDeploymentPostprocessing = 0;
			shellPath = /bin/sh;
			shellScript = "\"${SRCROOT}/Pods/Target Support Files/Pods-Todoey/Pods-Todoey-frameworks.sh\"\n";
			showEnvVarsInLog = 0;
		};
/* End PBXShellScriptBuildPhase section */

/* Begin PBXSourcesBuildPhase section */
		808D02DF2135D66900D0AA9D /* Sources */ = {
			isa = PBXSourcesBuildPhase;
			buildActionMask = 2147483647;
			files = (
				808D02E92135D66900D0AA9D /* TodoListViewController.swift in Sources */,
				805A2388213AA8A200D1CCF6 /* DataModel.xcdatamodeld in Sources */,
				808D02E72135D66900D0AA9D /* AppDelegate.swift in Sources */,
				80A16E2F213B42290028C9CF /* CategoryTableViewController.swift in Sources */,
			);
			runOnlyForDeploymentPostprocessing = 0;
		};
/* End PBXSourcesBuildPhase section */

/* Begin PBXVariantGroup section */
		808D02EA2135D66900D0AA9D /* Main.storyboard */ = {
			isa = PBXVariantGroup;
			children = (
				808D02EB2135D66900D0AA9D /* Base */,
			);
			name = Main.storyboard;
			sourceTree = "<group>";
		};
		808D02EF2135D66B00D0AA9D /* LaunchScreen.storyboard */ = {
			isa = PBXVariantGroup;
			children = (
				808D02F02135D66B00D0AA9D /* Base */,
			);
			name = LaunchScreen.storyboard;
			sourceTree = "<group>";
		};
/* End PBXVariantGroup section */

/* Begin XCBuildConfiguration section */
		808D02F32135D66C00D0AA9D /* Debug */ = {
			isa = XCBuildConfiguration;
			buildSettings = {
				ALWAYS_SEARCH_USER_PATHS = NO;
				CLANG_ANALYZER_NONNULL = YES;
				CLANG_ANALYZER_NUMBER_OBJECT_CONVERSION = YES_AGGRESSIVE;
				CLANG_CXX_LANGUAGE_STANDARD = "gnu++14";
				CLANG_CXX_LIBRARY = "libc++";
				CLANG_ENABLE_MODULES = YES;
				CLANG_ENABLE_OBJC_ARC = YES;
				CLANG_ENABLE_OBJC_WEAK = YES;
				CLANG_WARN_BLOCK_CAPTURE_AUTORELEASING = YES;
				CLANG_WARN_BOOL_CONVERSION = YES;
				CLANG_WARN_COMMA = YES;
				CLANG_WARN_CONSTANT_CONVERSION = YES;
				CLANG_WARN_DEPRECATED_OBJC_IMPLEMENTATIONS = YES;
				CLANG_WARN_DIRECT_OBJC_ISA_USAGE = YES_ERROR;
				CLANG_WARN_DOCUMENTATION_COMMENTS = YES;
				CLANG_WARN_EMPTY_BODY = YES;
				CLANG_WARN_ENUM_CONVERSION = YES;
				CLANG_WARN_INFINITE_RECURSION = YES;
				CLANG_WARN_INT_CONVERSION = YES;
				CLANG_WARN_NON_LITERAL_NULL_CONVERSION = YES;
				CLANG_WARN_OBJC_IMPLICIT_RETAIN_SELF = YES;
				CLANG_WARN_OBJC_LITERAL_CONVERSION = YES;
				CLANG_WARN_OBJC_ROOT_CLASS = YES_ERROR;
				CLANG_WARN_RANGE_LOOP_ANALYSIS = YES;
				CLANG_WARN_STRICT_PROTOTYPES = YES;
				CLANG_WARN_SUSPICIOUS_MOVE = YES;
				CLANG_WARN_UNGUARDED_AVAILABILITY = YES_AGGRESSIVE;
				CLANG_WARN_UNREACHABLE_CODE = YES;
				CLANG_WARN__DUPLICATE_METHOD_MATCH = YES;
				CODE_SIGN_IDENTITY = "iPhone Developer";
				COPY_PHASE_STRIP = NO;
				DEBUG_INFORMATION_FORMAT = dwarf;
				ENABLE_STRICT_OBJC_MSGSEND = YES;
				ENABLE_TESTABILITY = YES;
				GCC_C_LANGUAGE_STANDARD = gnu11;
				GCC_DYNAMIC_NO_PIC = NO;
				GCC_NO_COMMON_BLOCKS = YES;
				GCC_OPTIMIZATION_LEVEL = 0;
				GCC_PREPROCESSOR_DEFINITIONS = (
					"DEBUG=1",
					"$(inherited)",
				);
				GCC_WARN_64_TO_32_BIT_CONVERSION = YES;
				GCC_WARN_ABOUT_RETURN_TYPE = YES_ERROR;
				GCC_WARN_UNDECLARED_SELECTOR = YES;
				GCC_WARN_UNINITIALIZED_AUTOS = YES_AGGRESSIVE;
				GCC_WARN_UNUSED_FUNCTION = YES;
				GCC_WARN_UNUSED_VARIABLE = YES;
				IPHONEOS_DEPLOYMENT_TARGET = 11.4;
				MTL_ENABLE_DEBUG_INFO = YES;
				ONLY_ACTIVE_ARCH = YES;
				SDKROOT = iphoneos;
				SWIFT_ACTIVE_COMPILATION_CONDITIONS = DEBUG;
				SWIFT_OPTIMIZATION_LEVEL = "-Onone";
			};
			name = Debug;
		};
		808D02F42135D66C00D0AA9D /* Release */ = {
			isa = XCBuildConfiguration;
			buildSettings = {
				ALWAYS_SEARCH_USER_PATHS = NO;
				CLANG_ANALYZER_NONNULL = YES;
				CLANG_ANALYZER_NUMBER_OBJECT_CONVERSION = YES_AGGRESSIVE;
				CLANG_CXX_LANGUAGE_STANDARD = "gnu++14";
				CLANG_CXX_LIBRARY = "libc++";
				CLANG_ENABLE_MODULES = YES;
				CLANG_ENABLE_OBJC_ARC = YES;
				CLANG_ENABLE_OBJC_WEAK = YES;
				CLANG_WARN_BLOCK_CAPTURE_AUTORELEASING = YES;
				CLANG_WARN_BOOL_CONVERSION = YES;
				CLANG_WARN_COMMA = YES;
				CLANG_WARN_CONSTANT_CONVERSION = YES;
				CLANG_WARN_DEPRECATED_OBJC_IMPLEMENTATIONS = YES;
				CLANG_WARN_DIRECT_OBJC_ISA_USAGE = YES_ERROR;
				CLANG_WARN_DOCUMENTATION_COMMENTS = YES;
				CLANG_WARN_EMPTY_BODY = YES;
				CLANG_WARN_ENUM_CONVERSION = YES;
				CLANG_WARN_INFINITE_RECURSION = YES;
				CLANG_WARN_INT_CONVERSION = YES;
				CLANG_WARN_NON_LITERAL_NULL_CONVERSION = YES;
				CLANG_WARN_OBJC_IMPLICIT_RETAIN_SELF = YES;
				CLANG_WARN_OBJC_LITERAL_CONVERSION = YES;
				CLANG_WARN_OBJC_ROOT_CLASS = YES_ERROR;
				CLANG_WARN_RANGE_LOOP_ANALYSIS = YES;
				CLANG_WARN_STRICT_PROTOTYPES = YES;
				CLANG_WARN_SUSPICIOUS_MOVE = YES;
				CLANG_WARN_UNGUARDED_AVAILABILITY = YES_AGGRESSIVE;
				CLANG_WARN_UNREACHABLE_CODE = YES;
				CLANG_WARN__DUPLICATE_METHOD_MATCH = YES;
				CODE_SIGN_IDENTITY = "iPhone Developer";
				COPY_PHASE_STRIP = NO;
				DEBUG_INFORMATION_FORMAT = "dwarf-with-dsym";
				ENABLE_NS_ASSERTIONS = NO;
				ENABLE_STRICT_OBJC_MSGSEND = YES;
				GCC_C_LANGUAGE_STANDARD = gnu11;
				GCC_NO_COMMON_BLOCKS = YES;
				GCC_WARN_64_TO_32_BIT_CONVERSION = YES;
				GCC_WARN_ABOUT_RETURN_TYPE = YES_ERROR;
				GCC_WARN_UNDECLARED_SELECTOR = YES;
				GCC_WARN_UNINITIALIZED_AUTOS = YES_AGGRESSIVE;
				GCC_WARN_UNUSED_FUNCTION = YES;
				GCC_WARN_UNUSED_VARIABLE = YES;
				IPHONEOS_DEPLOYMENT_TARGET = 11.4;
				MTL_ENABLE_DEBUG_INFO = NO;
				SDKROOT = iphoneos;
				SWIFT_COMPILATION_MODE = wholemodule;
				SWIFT_OPTIMIZATION_LEVEL = "-O";
				VALIDATE_PRODUCT = YES;
			};
			name = Release;
		};
		808D02F62135D66C00D0AA9D /* Debug */ = {
			isa = XCBuildConfiguration;
			baseConfigurationReference = AAA48F8CA722BBFE9FCDD03B /* Pods-Todoey.debug.xcconfig */;
			buildSettings = {
				ASSETCATALOG_COMPILER_APPICON_NAME = AppIcon;
				CODE_SIGN_STYLE = Automatic;
				DEVELOPMENT_TEAM = 4Q4SXURD29;
				INFOPLIST_FILE = Todoey/Info.plist;
				LD_RUNPATH_SEARCH_PATHS = (
					"$(inherited)",
					"@executable_path/Frameworks",
				);
				PRODUCT_BUNDLE_IDENTIFIER = com.proaxsys.Todoey;
				PRODUCT_NAME = "$(TARGET_NAME)";
				SWIFT_VERSION = 4.0;
				TARGETED_DEVICE_FAMILY = "1,2";
			};
			name = Debug;
		};
		808D02F72135D66C00D0AA9D /* Release */ = {
			isa = XCBuildConfiguration;
			baseConfigurationReference = 443EF0AA3C74C41C6A50F7FB /* Pods-Todoey.release.xcconfig */;
			buildSettings = {
				ASSETCATALOG_COMPILER_APPICON_NAME = AppIcon;
				CODE_SIGN_STYLE = Automatic;
				DEVELOPMENT_TEAM = 4Q4SXURD29;
				INFOPLIST_FILE = Todoey/Info.plist;
				LD_RUNPATH_SEARCH_PATHS = (
					"$(inherited)",
					"@executable_path/Frameworks",
				);
				PRODUCT_BUNDLE_IDENTIFIER = com.proaxsys.Todoey;
				PRODUCT_NAME = "$(TARGET_NAME)";
				SWIFT_VERSION = 4.0;
				TARGETED_DEVICE_FAMILY = "1,2";
			};
			name = Release;
		};
/* End XCBuildConfiguration section */

/* Begin XCConfigurationList section */
		808D02DE2135D66900D0AA9D /* Build configuration list for PBXProject "Todoey" */ = {
			isa = XCConfigurationList;
			buildConfigurations = (
				808D02F32135D66C00D0AA9D /* Debug */,
				808D02F42135D66C00D0AA9D /* Release */,
			);
			defaultConfigurationIsVisible = 0;
			defaultConfigurationName = Release;
		};
		808D02F52135D66C00D0AA9D /* Build configuration list for PBXNativeTarget "Todoey" */ = {
			isa = XCConfigurationList;
			buildConfigurations = (
				808D02F62135D66C00D0AA9D /* Debug */,
				808D02F72135D66C00D0AA9D /* Release */,
			);
			defaultConfigurationIsVisible = 0;
			defaultConfigurationName = Release;
		};
/* End XCConfigurationList section */

/* Begin XCVersionGroup section */
		805A2386213AA8A200D1CCF6 /* DataModel.xcdatamodeld */ = {
			isa = XCVersionGroup;
			children = (
				805A2387213AA8A200D1CCF6 /* DataModel.xcdatamodel */,
			);
			currentVersion = 805A2387213AA8A200D1CCF6 /* DataModel.xcdatamodel */;
			path = DataModel.xcdatamodeld;
			sourceTree = "<group>";
			versionGroupType = wrapper.xcdatamodel;
		};
/* End XCVersionGroup section */
	};
	rootObject = 808D02DB2135D66900D0AA9D /* Project object */;
}
